// !$*UTF8*$!
{
	archiveVersion = 1;
	classes = {
	};
	objectVersion = 56;
	objects = {

/* Begin PBXBuildFile section */
		08F5057C2C3255EF00182225 /* LangkahSehatApp.swift in Sources */ = {isa = PBXBuildFile; fileRef = 08F5057B2C3255EF00182225 /* LangkahSehatApp.swift */; };
		08F5057E2C3255EF00182225 /* ContentView.swift in Sources */ = {isa = PBXBuildFile; fileRef = 08F5057D2C3255EF00182225 /* ContentView.swift */; };
		08F505802C3255F300182225 /* Assets.xcassets in Resources */ = {isa = PBXBuildFile; fileRef = 08F5057F2C3255F300182225 /* Assets.xcassets */; };
		08F505832C3255F300182225 /* Preview Assets.xcassets in Resources */ = {isa = PBXBuildFile; fileRef = 08F505822C3255F300182225 /* Preview Assets.xcassets */; };
		08F87A862C32BADA00CA7837 /* HealthKitManager.swift in Sources */ = {isa = PBXBuildFile; fileRef = 08F87A852C32BADA00CA7837 /* HealthKitManager.swift */; };
		08F955942C36B7490093B447 /* StepsModel.swift in Sources */ = {isa = PBXBuildFile; fileRef = 08F955932C36B7490093B447 /* StepsModel.swift */; };
/* End PBXBuildFile section */

/* Begin PBXFileReference section */
		08F505782C3255EF00182225 /* LangkahSehat Watch App.app */ = {isa = PBXFileReference; explicitFileType = wrapper.application; includeInIndex = 0; path = "LangkahSehat Watch App.app"; sourceTree = BUILT_PRODUCTS_DIR; };
		08F5057B2C3255EF00182225 /* LangkahSehatApp.swift */ = {isa = PBXFileReference; lastKnownFileType = sourcecode.swift; path = LangkahSehatApp.swift; sourceTree = "<group>"; };
		08F5057D2C3255EF00182225 /* ContentView.swift */ = {isa = PBXFileReference; lastKnownFileType = sourcecode.swift; path = ContentView.swift; sourceTree = "<group>"; };
		08F5057F2C3255F300182225 /* Assets.xcassets */ = {isa = PBXFileReference; lastKnownFileType = folder.assetcatalog; path = Assets.xcassets; sourceTree = "<group>"; };
		08F505822C3255F300182225 /* Preview Assets.xcassets */ = {isa = PBXFileReference; lastKnownFileType = folder.assetcatalog; path = "Preview Assets.xcassets"; sourceTree = "<group>"; };
		08F87A852C32BADA00CA7837 /* HealthKitManager.swift */ = {isa = PBXFileReference; lastKnownFileType = sourcecode.swift; path = HealthKitManager.swift; sourceTree = "<group>"; };
		08F87A872C32BB6E00CA7837 /* LangkahSehat Watch App.entitlements */ = {isa = PBXFileReference; lastKnownFileType = text.plist.entitlements; path = "LangkahSehat Watch App.entitlements"; sourceTree = "<group>"; };
		08F955932C36B7490093B447 /* StepsModel.swift */ = {isa = PBXFileReference; lastKnownFileType = sourcecode.swift; path = StepsModel.swift; sourceTree = "<group>"; };
/* End PBXFileReference section */

/* Begin PBXFrameworksBuildPhase section */
		08F505752C3255EF00182225 /* Frameworks */ = {
			isa = PBXFrameworksBuildPhase;
			buildActionMask = 2147483647;
			files = (
			);
			runOnlyForDeploymentPostprocessing = 0;
		};
/* End PBXFrameworksBuildPhase section */

/* Begin PBXGroup section */
		08F5056F2C3255EE00182225 = {
			isa = PBXGroup;
			children = (
				08F5057A2C3255EF00182225 /* LangkahSehat Watch App */,
				08F505792C3255EF00182225 /* Products */,
			);
			sourceTree = "<group>";
		};
		08F505792C3255EF00182225 /* Products */ = {
			isa = PBXGroup;
			children = (
				08F505782C3255EF00182225 /* LangkahSehat Watch App.app */,
			);
			name = Products;
			sourceTree = "<group>";
		};
		08F5057A2C3255EF00182225 /* LangkahSehat Watch App */ = {
			isa = PBXGroup;
			children = (
				08F87A872C32BB6E00CA7837 /* LangkahSehat Watch App.entitlements */,
				08F5057B2C3255EF00182225 /* LangkahSehatApp.swift */,
				08F5057D2C3255EF00182225 /* ContentView.swift */,
				08F87A852C32BADA00CA7837 /* HealthKitManager.swift */,
				08F955932C36B7490093B447 /* StepsModel.swift */,
				08F5057F2C3255F300182225 /* Assets.xcassets */,
				08F505812C3255F300182225 /* Preview Content */,
			);
			path = "LangkahSehat Watch App";
			sourceTree = "<group>";
		};
		08F505812C3255F300182225 /* Preview Content */ = {
			isa = PBXGroup;
			children = (
				08F505822C3255F300182225 /* Preview Assets.xcassets */,
			);
			path = "Preview Content";
			sourceTree = "<group>";
		};
/* End PBXGroup section */

/* Begin PBXNativeTarget section */
		08F505772C3255EF00182225 /* LangkahSehat Watch App */ = {
			isa = PBXNativeTarget;
			buildConfigurationList = 08F505862C3255F300182225 /* Build configuration list for PBXNativeTarget "LangkahSehat Watch App" */;
			buildPhases = (
				08F505742C3255EF00182225 /* Sources */,
				08F505752C3255EF00182225 /* Frameworks */,
				08F505762C3255EF00182225 /* Resources */,
			);
			buildRules = (
			);
			dependencies = (
			);
			name = "LangkahSehat Watch App";
			productName = "LangkahSehat Watch App";
			productReference = 08F505782C3255EF00182225 /* LangkahSehat Watch App.app */;
			productType = "com.apple.product-type.application";
		};
/* End PBXNativeTarget section */

/* Begin PBXProject section */
		08F505702C3255EE00182225 /* Project object */ = {
			isa = PBXProject;
			attributes = {
				BuildIndependentTargetsInParallel = 1;
				LastSwiftUpdateCheck = 1540;
				LastUpgradeCheck = 1540;
				TargetAttributes = {
					08F505772C3255EF00182225 = {
						CreatedOnToolsVersion = 15.4;
					};
				};
			};
			buildConfigurationList = 08F505732C3255EE00182225 /* Build configuration list for PBXProject "LangkahSehat" */;
			compatibilityVersion = "Xcode 14.0";
			developmentRegion = en;
			hasScannedForEncodings = 0;
			knownRegions = (
				en,
				Base,
			);
			mainGroup = 08F5056F2C3255EE00182225;
			productRefGroup = 08F505792C3255EF00182225 /* Products */;
			projectDirPath = "";
			projectRoot = "";
			targets = (
				08F505772C3255EF00182225 /* LangkahSehat Watch App */,
			);
		};
/* End PBXProject section */

/* Begin PBXResourcesBuildPhase section */
		08F505762C3255EF00182225 /* Resources */ = {
			isa = PBXResourcesBuildPhase;
			buildActionMask = 2147483647;
			files = (
				08F505832C3255F300182225 /* Preview Assets.xcassets in Resources */,
				08F505802C3255F300182225 /* Assets.xcassets in Resources */,
			);
			runOnlyForDeploymentPostprocessing = 0;
		};
/* End PBXResourcesBuildPhase section */

/* Begin PBXSourcesBuildPhase section */
		08F505742C3255EF00182225 /* Sources */ = {
			isa = PBXSourcesBuildPhase;
			buildActionMask = 2147483647;
			files = (
				08F5057E2C3255EF00182225 /* ContentView.swift in Sources */,
				08F5057C2C3255EF00182225 /* LangkahSehatApp.swift in Sources */,
				08F87A862C32BADA00CA7837 /* HealthKitManager.swift in Sources */,
				08F955942C36B7490093B447 /* StepsModel.swift in Sources */,
			);
			runOnlyForDeploymentPostprocessing = 0;
		};
/* End PBXSourcesBuildPhase section */

/* Begin XCBuildConfiguration section */
		08F505842C3255F300182225 /* Debug */ = {
			isa = XCBuildConfiguration;
			buildSettings = {
				ALWAYS_SEARCH_USER_PATHS = NO;
				ASSETCATALOG_COMPILER_GENERATE_SWIFT_ASSET_SYMBOL_EXTENSIONS = YES;
				CLANG_ANALYZER_NONNULL = YES;
				CLANG_ANALYZER_NUMBER_OBJECT_CONVERSION = YES_AGGRESSIVE;
				CLANG_CXX_LANGUAGE_STANDARD = "gnu++20";
				CLANG_ENABLE_MODULES = YES;
				CLANG_ENABLE_OBJC_ARC = YES;
				CLANG_ENABLE_OBJC_WEAK = YES;
				CLANG_WARN_BLOCK_CAPTURE_AUTORELEASING = YES;
				CLANG_WARN_BOOL_CONVERSION = YES;
				CLANG_WARN_COMMA = YES;
				CLANG_WARN_CONSTANT_CONVERSION = YES;
				CLANG_WARN_DEPRECATED_OBJC_IMPLEMENTATIONS = YES;
				CLANG_WARN_DIRECT_OBJC_ISA_USAGE = YES_ERROR;
				CLANG_WARN_DOCUMENTATION_COMMENTS = YES;
				CLANG_WARN_EMPTY_BODY = YES;
				CLANG_WARN_ENUM_CONVERSION = YES;
				CLANG_WARN_INFINITE_RECURSION = YES;
				CLANG_WARN_INT_CONVERSION = YES;
				CLANG_WARN_NON_LITERAL_NULL_CONVERSION = YES;
				CLANG_WARN_OBJC_IMPLICIT_RETAIN_SELF = YES;
				CLANG_WARN_OBJC_LITERAL_CONVERSION = YES;
				CLANG_WARN_OBJC_ROOT_CLASS = YES_ERROR;
				CLANG_WARN_QUOTED_INCLUDE_IN_FRAMEWORK_HEADER = YES;
				CLANG_WARN_RANGE_LOOP_ANALYSIS = YES;
				CLANG_WARN_STRICT_PROTOTYPES = YES;
				CLANG_WARN_SUSPICIOUS_MOVE = YES;
				CLANG_WARN_UNGUARDED_AVAILABILITY = YES_AGGRESSIVE;
				CLANG_WARN_UNREACHABLE_CODE = YES;
				CLANG_WARN__DUPLICATE_METHOD_MATCH = YES;
				COPY_PHASE_STRIP = NO;
				DEBUG_INFORMATION_FORMAT = dwarf;
				ENABLE_STRICT_OBJC_MSGSEND = YES;
				ENABLE_TESTABILITY = YES;
				ENABLE_USER_SCRIPT_SANDBOXING = YES;
				GCC_C_LANGUAGE_STANDARD = gnu17;
				GCC_DYNAMIC_NO_PIC = NO;
				GCC_NO_COMMON_BLOCKS = YES;
				GCC_OPTIMIZATION_LEVEL = 0;
				GCC_PREPROCESSOR_DEFINITIONS = (
					"DEBUG=1",
					"$(inherited)",
				);
				GCC_WARN_64_TO_32_BIT_CONVERSION = YES;
				GCC_WARN_ABOUT_RETURN_TYPE = YES_ERROR;
				GCC_WARN_UNDECLARED_SELECTOR = YES;
				GCC_WARN_UNINITIALIZED_AUTOS = YES_AGGRESSIVE;
				GCC_WARN_UNUSED_FUNCTION = YES;
				GCC_WARN_UNUSED_VARIABLE = YES;
				LOCALIZATION_PREFERS_STRING_CATALOGS = YES;
				MTL_ENABLE_DEBUG_INFO = INCLUDE_SOURCE;
				MTL_FAST_MATH = YES;
				ONLY_ACTIVE_ARCH = YES;
				SWIFT_ACTIVE_COMPILATION_CONDITIONS = "DEBUG $(inherited)";
				SWIFT_OPTIMIZATION_LEVEL = "-Onone";
			};
			name = Debug;
		};
		08F505852C3255F300182225 /* Release */ = {
			isa = XCBuildConfiguration;
			buildSettings = {
				ALWAYS_SEARCH_USER_PATHS = NO;
				ASSETCATALOG_COMPILER_GENERATE_SWIFT_ASSET_SYMBOL_EXTENSIONS = YES;
				CLANG_ANALYZER_NONNULL = YES;
				CLANG_ANALYZER_NUMBER_OBJECT_CONVERSION = YES_AGGRESSIVE;
				CLANG_CXX_LANGUAGE_STANDARD = "gnu++20";
				CLANG_ENABLE_MODULES = YES;
				CLANG_ENABLE_OBJC_ARC = YES;
				CLANG_ENABLE_OBJC_WEAK = YES;
				CLANG_WARN_BLOCK_CAPTURE_AUTORELEASING = YES;
				CLANG_WARN_BOOL_CONVERSION = YES;
				CLANG_WARN_COMMA = YES;
				CLANG_WARN_CONSTANT_CONVERSION = YES;
				CLANG_WARN_DEPRECATED_OBJC_IMPLEMENTATIONS = YES;
				CLANG_WARN_DIRECT_OBJC_ISA_USAGE = YES_ERROR;
				CLANG_WARN_DOCUMENTATION_COMMENTS = YES;
				CLANG_WARN_EMPTY_BODY = YES;
				CLANG_WARN_ENUM_CONVERSION = YES;
				CLANG_WARN_INFINITE_RECURSION = YES;
				CLANG_WARN_INT_CONVERSION = YES;
				CLANG_WARN_NON_LITERAL_NULL_CONVERSION = YES;
				CLANG_WARN_OBJC_IMPLICIT_RETAIN_SELF = YES;
				CLANG_WARN_OBJC_LITERAL_CONVERSION = YES;
				CLANG_WARN_OBJC_ROOT_CLASS = YES_ERROR;
				CLANG_WARN_QUOTED_INCLUDE_IN_FRAMEWORK_HEADER = YES;
				CLANG_WARN_RANGE_LOOP_ANALYSIS = YES;
				CLANG_WARN_STRICT_PROTOTYPES = YES;
				CLANG_WARN_SUSPICIOUS_MOVE = YES;
				CLANG_WARN_UNGUARDED_AVAILABILITY = YES_AGGRESSIVE;
				CLANG_WARN_UNREACHABLE_CODE = YES;
				CLANG_WARN__DUPLICATE_METHOD_MATCH = YES;
				COPY_PHASE_STRIP = NO;
				DEBUG_INFORMATION_FORMAT = "dwarf-with-dsym";
				ENABLE_NS_ASSERTIONS = NO;
				ENABLE_STRICT_OBJC_MSGSEND = YES;
				ENABLE_USER_SCRIPT_SANDBOXING = YES;
				GCC_C_LANGUAGE_STANDARD = gnu17;
				GCC_NO_COMMON_BLOCKS = YES;
				GCC_WARN_64_TO_32_BIT_CONVERSION = YES;
				GCC_WARN_ABOUT_RETURN_TYPE = YES_ERROR;
				GCC_WARN_UNDECLARED_SELECTOR = YES;
				GCC_WARN_UNINITIALIZED_AUTOS = YES_AGGRESSIVE;
				GCC_WARN_UNUSED_FUNCTION = YES;
				GCC_WARN_UNUSED_VARIABLE = YES;
				LOCALIZATION_PREFERS_STRING_CATALOGS = YES;
				MTL_ENABLE_DEBUG_INFO = NO;
				MTL_FAST_MATH = YES;
				SWIFT_COMPILATION_MODE = wholemodule;
			};
			name = Release;
		};
		08F505872C3255F300182225 /* Debug */ = {
			isa = XCBuildConfiguration;
			buildSettings = {
				ASSETCATALOG_COMPILER_APPICON_NAME = AppIcon;
				ASSETCATALOG_COMPILER_GLOBAL_ACCENT_COLOR_NAME = AccentColor;
				CODE_SIGN_ENTITLEMENTS = "LangkahSehat Watch App/LangkahSehat Watch App.entitlements";
				CODE_SIGN_STYLE = Automatic;
				CURRENT_PROJECT_VERSION = 1;
				DEVELOPMENT_ASSET_PATHS = "\"LangkahSehat Watch App/Preview Content\"";
				DEVELOPMENT_TEAM = CKR7LT6GMR;
				ENABLE_PREVIEWS = YES;
				GENERATE_INFOPLIST_FILE = YES;
				INFOPLIST_KEY_CFBundleDisplayName = LangkahSehat;
				INFOPLIST_KEY_NSHealthClinicalHealthRecordsShareUsageDescription = "This app requires access to your health records to provide personalized health recommendations and insights.";
				INFOPLIST_KEY_NSHealthShareUsageDescription = "This app requires access to your health data to share your health metrics and activities with other applications and services for a comprehensive health analysis.";
				INFOPLIST_KEY_UISupportedInterfaceOrientations = "UIInterfaceOrientationPortrait UIInterfaceOrientationPortraitUpsideDown";
				INFOPLIST_KEY_WKCompanionAppBundleIdentifier = com.pututyb.langkahsehat;
				INFOPLIST_KEY_WKRunsIndependentlyOfCompanionApp = YES;
				LD_RUNPATH_SEARCH_PATHS = (
					"$(inherited)",
					"@executable_path/Frameworks",
				);
				MARKETING_VERSION = 1.0;
				PRODUCT_BUNDLE_IDENTIFIER = com.pututyb.langkahsehat.watchkitapp;
				PRODUCT_NAME = "$(TARGET_NAME)";
				SDKROOT = watchos;
				SKIP_INSTALL = YES;
				SWIFT_EMIT_LOC_STRINGS = YES;
				SWIFT_VERSION = 5.0;
				TARGETED_DEVICE_FAMILY = 4;
				WATCHOS_DEPLOYMENT_TARGET = 10.5;
			};
			name = Debug;
		};
		08F505882C3255F300182225 /* Release */ = {
			isa = XCBuildConfiguration;
			buildSettings = {
				ASSETCATALOG_COMPILER_APPICON_NAME = AppIcon;
				ASSETCATALOG_COMPILER_GLOBAL_ACCENT_COLOR_NAME = AccentColor;
				CODE_SIGN_ENTITLEMENTS = "LangkahSehat Watch App/LangkahSehat Watch App.entitlements";
				CODE_SIGN_STYLE = Automatic;
				CURRENT_PROJECT_VERSION = 1;
				DEVELOPMENT_ASSET_PATHS = "\"LangkahSehat Watch App/Preview Content\"";
				DEVELOPMENT_TEAM = CKR7LT6GMR;
				ENABLE_PREVIEWS = YES;
				GENERATE_INFOPLIST_FILE = YES;
				INFOPLIST_KEY_CFBundleDisplayName = LangkahSehat;
				INFOPLIST_KEY_NSHealthClinicalHealthRecordsShareUsageDescription = "This app requires access to your health records to provide personalized health recommendations and insights.";
				INFOPLIST_KEY_NSHealthShareUsageDescription = "This app requires access to your health data to share your health metrics and activities with other applications and services for a comprehensive health analysis.";
				INFOPLIST_KEY_UISupportedInterfaceOrientations = "UIInterfaceOrientationPortrait UIInterfaceOrientationPortraitUpsideDown";
				INFOPLIST_KEY_WKCompanionAppBundleIdentifier = com.pututyb.langkahsehat;
				INFOPLIST_KEY_WKRunsIndependentlyOfCompanionApp = YES;
				LD_RUNPATH_SEARCH_PATHS = (
					"$(inherited)",
					"@executable_path/Frameworks",
				);
				MARKETING_VERSION = 1.0;
				PRODUCT_BUNDLE_IDENTIFIER = com.pututyb.langkahsehat.watchkitapp;
				PRODUCT_NAME = "$(TARGET_NAME)";
				SDKROOT = watchos;
				SKIP_INSTALL = YES;
				SWIFT_EMIT_LOC_STRINGS = YES;
				SWIFT_VERSION = 5.0;
				TARGETED_DEVICE_FAMILY = 4;
				VALIDATE_PRODUCT = YES;
				WATCHOS_DEPLOYMENT_TARGET = 10.5;
			};
			name = Release;
		};
/* End XCBuildConfiguration section */

/* Begin XCConfigurationList section */
		08F505732C3255EE00182225 /* Build configuration list for PBXProject "LangkahSehat" */ = {
			isa = XCConfigurationList;
			buildConfigurations = (
				08F505842C3255F300182225 /* Debug */,
				08F505852C3255F300182225 /* Release */,
			);
			defaultConfigurationIsVisible = 0;
			defaultConfigurationName = Release;
		};
		08F505862C3255F300182225 /* Build configuration list for PBXNativeTarget "LangkahSehat Watch App" */ = {
			isa = XCConfigurationList;
			buildConfigurations = (
				08F505872C3255F300182225 /* Debug */,
				08F505882C3255F300182225 /* Release */,
			);
			defaultConfigurationIsVisible = 0;
			defaultConfigurationName = Release;
		};
/* End XCConfigurationList section */
	};
	rootObject = 08F505702C3255EE00182225 /* Project object */;
}
